
Microsoft Visual Studio Solution File, Format Version 10.00
# Visual Studio 2008
Project("{FAE04EC0-301F-11D3-BF4B-00C04F79EFBC}") = "PokeMon", "PokeMon\PokeMon.csproj", "{CCC00065-6BF8-4232-9546-17DE621E19CA}"
EndProject
Project("{FAE04EC0-301F-11D3-BF4B-00C04F79EFBC}") = "FtpClient", "FtpClient\FtpClient.csproj", "{BDEA44D8-A430-4862-B84B-B9331AA8E742}"
EndProject
Global
	GlobalSection(SolutionConfigurationPlatforms) = preSolution
		Debug|Any CPU = Debug|Any CPU
		Release|Any CPU = Release|Any CPU
	EndGlobalSection
	GlobalSection(ProjectConfigurationPlatforms) = postSolution
		{CCC00065-6BF8-4232-9546-17DE621E19CA}.Debug|Any CPU.ActiveCfg = Debug|Any CPU
		{CCC00065-6BF8-4232-9546-17DE621E19CA}.Debug|Any CPU.Build.0 = Debug|Any CPU
		{CCC00065-6BF8-4232-9546-17DE621E19CA}.Release|Any CPU.ActiveCfg = Release|Any CPU
		{CCC00065-6BF8-4232-9546-17DE621E19CA}.Release|Any CPU.Build.0 = Release|Any CPU
		{BDEA44D8-A430-4862-B84B-B9331AA8E742}.Debug|Any CPU.ActiveCfg = Debug|Any CPU
		{BDEA44D8-A430-4862-B84B-B9331AA8E742}.Debug|Any CPU.Build.0 = Debug|Any CPU
		{BDEA44D8-A430-4862-B84B-B9331AA8E742}.Release|Any CPU.ActiveCfg = Release|Any CPU
		{BDEA44D8-A430-4862-B84B-B9331AA8E742}.Release|Any CPU.Build.0 = Release|Any CPU
	EndGlobalSection
	GlobalSection(SolutionProperties) = preSolution
		HideSolutionNode = FALSE
	EndGlobalSection
EndGlobal
